#MicroXplorer Configuration settings - do not modify
ADC1.Channel-0\#ChannelRegularConversion=ADC_CHANNEL_0
ADC1.Channel-1\#ChannelRegularConversion=ADC_CHANNEL_2
ADC1.ContinuousConvMode=DISABLE
ADC1.DiscontinuousConvMode=ENABLE
ADC1.IPParameters=Rank-0\#ChannelRegularConversion,Channel-0\#ChannelRegularConversion,SamplingTime-0\#ChannelRegularConversion,NbrOfConversionFlag,NbrOfConversion,Rank-1\#ChannelRegularConversion,Channel-1\#ChannelRegularConversion,SamplingTime-1\#ChannelRegularConversion,ContinuousConvMode,DiscontinuousConvMode,master,SelectedChannel
ADC1.NbrOfConversion=2
ADC1.NbrOfConversionFlag=1
ADC1.Rank-0\#ChannelRegularConversion=1
ADC1.Rank-1\#ChannelRegularConversion=2
ADC1.SamplingTime-0\#ChannelRegularConversion=ADC_SAMPLINGTIME_COMMON_1
ADC1.SamplingTime-1\#ChannelRegularConversion=ADC_SAMPLINGTIME_COMMON_1
ADC1.SelectedChannel=ADC_CHANNEL_0|ADC_CHANNEL_2|ADC_CHANNEL_3
ADC1.master=1
Dma.ADC1.0.Direction=DMA_PERIPH_TO_MEMORY
Dma.ADC1.0.EventEnable=DISABLE
Dma.ADC1.0.Instance=DMA1_Channel1
Dma.ADC1.0.MemDataAlignment=DMA_MDATAALIGN_HALFWORD
Dma.ADC1.0.MemInc=DMA_MINC_ENABLE
Dma.ADC1.0.Mode=DMA_CIRCULAR
Dma.ADC1.0.PeriphDataAlignment=DMA_PDATAALIGN_HALFWORD
Dma.ADC1.0.PeriphInc=DMA_PINC_DISABLE
Dma.ADC1.0.Polarity=HAL_DMAMUX_REQ_GEN_RISING
Dma.ADC1.0.Priority=DMA_PRIORITY_LOW
Dma.ADC1.0.RequestNumber=1
Dma.ADC1.0.RequestParameters=Instance,Direction,PeriphInc,MemInc,PeriphDataAlignment,MemDataAlignment,Mode,Priority,SignalID,Polarity,RequestNumber,SyncSignalID,SyncPolarity,SyncEnable,EventEnable,SyncRequestNumber
Dma.ADC1.0.SignalID=NONE
Dma.ADC1.0.SyncEnable=DISABLE
Dma.ADC1.0.SyncPolarity=HAL_DMAMUX_SYNC_NO_EVENT
Dma.ADC1.0.SyncRequestNumber=1
Dma.ADC1.0.SyncSignalID=NONE
Dma.Request0=ADC1
Dma.RequestsNb=1
File.Version=6
KeepUserPlacement=false
Mcu.CPN=STM32G031F8P6
Mcu.Family=STM32G0
Mcu.IP0=ADC1
Mcu.IP1=DMA
Mcu.IP2=I2C2
Mcu.IP3=NVIC
Mcu.IP4=RCC
Mcu.IP5=SYS
Mcu.IP6=TIM3
Mcu.IP7=TIM14
Mcu.IP8=TIM16
Mcu.IP9=USART1
Mcu.IPNb=10
Mcu.Name=STM32G031F(4-6-8)Px
Mcu.Package=TSSOP20
Mcu.Pin0=PB7
Mcu.Pin1=PC14-OSC32_IN (PC14)
Mcu.Pin10=PA7
Mcu.Pin11=PA11 [PA9]
Mcu.Pin12=PA12 [PA10]
Mcu.Pin13=PA13
Mcu.Pin14=PA14-BOOT0
Mcu.Pin15=PB6
Mcu.Pin16=VP_TIM14_VS_ClockSourceINT
Mcu.Pin17=VP_TIM16_VS_ClockSourceINT
Mcu.Pin2=PB9
Mcu.Pin3=PF2 - NRST
Mcu.Pin4=PA0
Mcu.Pin5=PA1
Mcu.Pin6=PA2
Mcu.Pin7=PA3
Mcu.Pin8=PA4
Mcu.Pin9=PA6
Mcu.PinsNb=18
Mcu.ThirdPartyNb=0
Mcu.UserConstants=SLOW_PERIOD,2000;FAST_PERIOD,1000
Mcu.UserName=STM32G031F8Px
MxCube.Version=6.6.1
MxDb.Version=DB.6.0.60
NVIC.DMA1_Channel1_IRQn=true\:0\:0\:false\:false\:true\:false\:true\:true
NVIC.EXTI4_15_IRQn=true\:0\:0\:false\:false\:true\:true\:true\:true
NVIC.ForceEnableDMAVector=true
NVIC.HardFault_IRQn=true\:0\:0\:false\:false\:true\:false\:false\:false
NVIC.NonMaskableInt_IRQn=true\:0\:0\:false\:false\:true\:false\:false\:false
NVIC.PendSV_IRQn=true\:0\:0\:false\:false\:true\:false\:false\:false
NVIC.SVC_IRQn=true\:0\:0\:false\:false\:true\:false\:false\:true
NVIC.SysTick_IRQn=true\:3\:0\:false\:false\:true\:false\:true\:false
NVIC.TIM14_IRQn=true\:0\:0\:false\:false\:true\:true\:true\:true
NVIC.TIM16_IRQn=true\:0\:0\:false\:false\:true\:true\:true\:true
NVIC.USART1_IRQn=true\:0\:0\:false\:false\:true\:true\:true\:true
PA0.GPIOParameters=GPIO_Label
PA0.GPIO_Label=FORCE SENSOR
PA0.Mode=IN0
PA0.Signal=ADC1_IN0
PA1.GPIOParameters=GPIO_Label
PA1.GPIO_Label=LIMIT SWITCH 1
PA1.Locked=true
PA1.Signal=GPXTI1
PA11\ [PA9].GPIOParameters=GPIO_Label
PA11\ [PA9].GPIO_Label=IMU SCL
PA11\ [PA9].Mode=I2C
PA11\ [PA9].Signal=I2C2_SCL
PA12\ [PA10].GPIOParameters=GPIO_Label
PA12\ [PA10].GPIO_Label=IMU SDA
PA12\ [PA10].Mode=I2C
PA12\ [PA10].Signal=I2C2_SDA
PA13.Mode=Serial_Wire
PA13.Signal=SYS_SWDIO
PA14-BOOT0.Mode=Serial_Wire
PA14-BOOT0.Signal=SYS_SWCLK
PA14-BOOT0__PA15.StandardMode=true
PA2.GPIOParameters=GPIO_Label
PA2.GPIO_Label=POTENTIOMETER
PA2.Mode=IN2
PA2.Signal=ADC1_IN2
PA3.GPIOParameters=GPIO_Label
PA3.GPIO_Label=BATTERYDATA
PA3.Mode=IN3
PA3.Signal=ADC1_IN3
PA4.Locked=true
PA4.Signal=GPXTI4
PA6.GPIOParameters=GPIO_Label
PA6.GPIO_Label=DRV8825 STP
PA6.Signal=S_TIM3_CH1
PA7.GPIOParameters=GPIO_Label
PA7.GPIO_Label=DRV8825 DIR
PA7.Locked=true
PA7.Signal=GPIO_Output
PB0__PB1__PB2__PA8.StandardMode=true
PB3__PB4__PB5__PB6.StandardMode=true
PB6.GPIOParameters=GPIO_Label
PB6.GPIO_Label=BLUETOOTH UART TX
PB6.Mode=Asynchronous
PB6.Signal=USART1_TX
PB7.GPIOParameters=GPIO_Label
PB7.GPIO_Label=BLUETOOTH UART RX
PB7.Mode=Asynchronous
PB7.Signal=USART1_RX
PB7__PB8.StandardMode=true
PB9.Locked=true
PC14-OSC32_IN\ (PC14).GPIOParameters=GPIO_Label
PC14-OSC32_IN\ (PC14).GPIO_Label=LIMIT SWITCH 0
PC14-OSC32_IN\ (PC14).Locked=true
PC14-OSC32_IN\ (PC14).Signal=GPXTI14
PC14-OSC32_IN\ (PC14)__PB9.StandardMode=true
PF2\ -\ NRST.GPIOParameters=GPIO_Label
PF2\ -\ NRST.GPIO_Label=DEBUG LED
PF2\ -\ NRST.Locked=true
PF2\ -\ NRST.Signal=GPIO_Output
PinOutPanel.RotationAngle=0
ProjectManager.AskForMigrate=true
ProjectManager.BackupPrevious=false
ProjectManager.CompilerOptimize=6
ProjectManager.ComputerToolchain=false
ProjectManager.CoupleFile=false
ProjectManager.CustomerFirmwarePackage=
ProjectManager.DefaultFWLocation=true
ProjectManager.DeletePrevious=true
ProjectManager.DeviceId=STM32G031F8Px
ProjectManager.FirmwarePackage=STM32Cube FW_G0 V1.6.1
ProjectManager.FreePins=false
ProjectManager.HalAssertFull=false
ProjectManager.HeapSize=0x200
ProjectManager.KeepUserCode=true
ProjectManager.LastFirmware=true
ProjectManager.LibraryCopy=1
ProjectManager.MainLocation=Core/Src
ProjectManager.NoMain=false
ProjectManager.PreviousToolchain=
ProjectManager.ProjectBuild=false
ProjectManager.ProjectFileName=brake.ioc
ProjectManager.ProjectName=brake
ProjectManager.RegisterCallBack=
ProjectManager.StackSize=0x400
ProjectManager.TargetToolchain=STM32CubeIDE
ProjectManager.ToolChainLocation=
ProjectManager.UnderRoot=true
ProjectManager.functionlistsort=1-SystemClock_Config-RCC-false-HAL-false,2-MX_GPIO_Init-GPIO-false-HAL-true,3-MX_DMA_Init-DMA-false-HAL-true,4-MX_I2C2_Init-I2C2-false-HAL-true,5-MX_TIM2_Init-TIM2-false-HAL-true,6-MX_TIM3_Init-TIM3-false-HAL-true,7-MX_USART1_UART_Init-USART1-false-HAL-true,8-MX_ADC1_Init-ADC1-false-HAL-true,9-MX_TIM14_Init-TIM14-false-HAL-true,10-MX_TIM16_Init-TIM16-false-HAL-true
RCC.AHBFreq_Value=16000000
RCC.APBFreq_Value=16000000
RCC.APBTimFreq_Value=16000000
RCC.CortexFreq_Value=16000000
RCC.EXTERNAL_CLOCK_VALUE=12288000
RCC.FCLKCortexFreq_Value=16000000
RCC.FamilyName=M
RCC.HCLKFreq_Value=16000000
RCC.HSE_VALUE=8000000
RCC.HSI_VALUE=16000000
RCC.I2C1Freq_Value=16000000
RCC.I2S1Freq_Value=16000000
RCC.IPParameters=AHBFreq_Value,APBFreq_Value,APBTimFreq_Value,CortexFreq_Value,EXTERNAL_CLOCK_VALUE,FCLKCortexFreq_Value,FamilyName,HCLKFreq_Value,HSE_VALUE,HSI_VALUE,I2C1Freq_Value,I2S1Freq_Value,LPTIM1Freq_Value,LPTIM2Freq_Value,LPUART1Freq_Value,LSCOPinFreq_Value,LSE_VALUE,LSI_VALUE,MCO1PinFreq_Value,PLLPoutputFreq_Value,PLLQoutputFreq_Value,PLLRCLKFreq_Value,PWRFreq_Value,SYSCLKFreq_VALUE,TIM1Freq_Value,USART1Freq_Value,VCOInputFreq_Value,VCOOutputFreq_Value
RCC.LPTIM1Freq_Value=16000000
RCC.LPTIM2Freq_Value=16000000
RCC.LPUART1Freq_Value=16000000
RCC.LSCOPinFreq_Value=32000
RCC.LSE_VALUE=32768
RCC.LSI_VALUE=32000
RCC.MCO1PinFreq_Value=16000000
RCC.PLLPoutputFreq_Value=64000000
RCC.PLLQoutputFreq_Value=64000000
RCC.PLLRCLKFreq_Value=64000000
RCC.PWRFreq_Value=16000000
RCC.SYSCLKFreq_VALUE=16000000
RCC.TIM1Freq_Value=16000000
RCC.USART1Freq_Value=16000000
RCC.VCOInputFreq_Value=16000000
RCC.VCOOutputFreq_Value=128000000
SH.GPXTI1.0=GPIO_EXTI1
SH.GPXTI1.ConfNb=1
SH.GPXTI14.0=GPIO_EXTI14
SH.GPXTI14.ConfNb=1
SH.GPXTI4.0=GPIO_EXTI4
SH.GPXTI4.ConfNb=1
SH.S_TIM3_CH1.0=TIM3_CH1,PWM Generation1 CH1
SH.S_TIM3_CH1.ConfNb=1
TIM14.IPParameters=Prescaler,Period
TIM14.Period=SLOW_PERIOD
TIM14.Prescaler=15
TIM16.IPParameters=Prescaler,Period
TIM16.Period=FAST_PERIOD
TIM16.Prescaler=15
TIM3.Channel-PWM\ Generation1\ CH1=TIM_CHANNEL_1
TIM3.IPParameters=Channel-PWM Generation1 CH1,Prescaler,Period
TIM3.Period=200
TIM3.Prescaler=15
USART1.BaudRate=9600
USART1.IPParameters=VirtualMode-Asynchronous,BaudRate
USART1.VirtualMode-Asynchronous=VM_ASYNC
VP_TIM14_VS_ClockSourceINT.Mode=Enable_Timer
VP_TIM14_VS_ClockSourceINT.Signal=TIM14_VS_ClockSourceINT
VP_TIM16_VS_ClockSourceINT.Mode=Enable_Timer
VP_TIM16_VS_ClockSourceINT.Signal=TIM16_VS_ClockSourceINT
board=custom
isbadioc=false
